
Microsoft Visual Studio Solution File, Format Version 12.00
# Visual Studio Version 16
VisualStudioVersion = 25.0.1706.3
MinimumVisualStudioVersion = 10.0.40219.1
Project("{FAE04EC0-301F-11D3-BF4B-00C04F79EFBC}") = "Homework", "Homework.csproj", "{0B333C2B-63BC-4163-80D2-7AA72CAA2E12}"
EndProject
Global
	GlobalSection(SolutionConfigurationPlatforms) = preSolution
		Debug|Any CPU = Debug|Any CPU
		Release|Any CPU = Release|Any CPU
	EndGlobalSection
	GlobalSection(ProjectConfigurationPlatforms) = postSolution
		{0B333C2B-63BC-4163-80D2-7AA72CAA2E12}.Debug|Any CPU.ActiveCfg = Debug|Any CPU
		{0B333C2B-63BC-4163-80D2-7AA72CAA2E12}.Debug|Any CPU.Build.0 = Debug|Any CPU
		{0B333C2B-63BC-4163-80D2-7AA72CAA2E12}.Release|Any CPU.ActiveCfg = Release|Any CPU
		{0B333C2B-63BC-4163-80D2-7AA72CAA2E12}.Release|Any CPU.Build.0 = Release|Any CPU
	EndGlobalSection
	GlobalSection(SolutionProperties) = preSolution
		HideSolutionNode = FALSE
	EndGlobalSection
	GlobalSection(ExtensibilityGlobals) = postSolution
		SolutionGuid = {DCC9F7F3-122D-4D26-A06E-1535A5D20E0A}
	EndGlobalSection
EndGlobal
